// !$*UTF8*$!
{
	archiveVersion = 1;
	classes = {
	};
	objectVersion = 51;
	objects = {

/* Begin PBXBuildFile section */
		099FC6F9540180A6D85E57BA /* Pods_BAMProspect_BAMProspectUITests.framework in Frameworks */ = {isa = PBXBuildFile; fileRef = C79B9FB98A5CBB1EE573397F /* Pods_BAMProspect_BAMProspectUITests.framework */; };
		375E25592505246E00A52278 /* GitManager.swift in Sources */ = {isa = PBXBuildFile; fileRef = 375E25582505246E00A52278 /* GitManager.swift */; };
		375E255C2505252500A52278 /* NSError+Extensions.swift in Sources */ = {isa = PBXBuildFile; fileRef = 375E255B2505252500A52278 /* NSError+Extensions.swift */; };
		375E255E2505275700A52278 /* Logging.swift in Sources */ = {isa = PBXBuildFile; fileRef = 375E255D2505275700A52278 /* Logging.swift */; };
		375E2560250528D500A52278 /* Observable.swift in Sources */ = {isa = PBXBuildFile; fileRef = 375E255F250528D500A52278 /* Observable.swift */; };
		375E256225052DB600A52278 /* ProjectViewModel.swift in Sources */ = {isa = PBXBuildFile; fileRef = 375E256125052DB600A52278 /* ProjectViewModel.swift */; };
		375E25642505348500A52278 /* UserMessage.swift in Sources */ = {isa = PBXBuildFile; fileRef = 375E25632505348500A52278 /* UserMessage.swift */; };
		375E256725053AB900A52278 /* FavoriteStore.swift in Sources */ = {isa = PBXBuildFile; fileRef = 375E256625053AB900A52278 /* FavoriteStore.swift */; };
		37826CDA250515D1008AA399 /* AppDelegate.swift in Sources */ = {isa = PBXBuildFile; fileRef = 37826CD9250515D1008AA399 /* AppDelegate.swift */; };
		37826CE1250515D1008AA399 /* Main.storyboard in Resources */ = {isa = PBXBuildFile; fileRef = 37826CDF250515D1008AA399 /* Main.storyboard */; };
		37826CE3250515D5008AA399 /* Assets.xcassets in Resources */ = {isa = PBXBuildFile; fileRef = 37826CE2250515D5008AA399 /* Assets.xcassets */; };
		37826CE6250515D5008AA399 /* LaunchScreen.storyboard in Resources */ = {isa = PBXBuildFile; fileRef = 37826CE4250515D5008AA399 /* LaunchScreen.storyboard */; };
		37826CF1250515D5008AA399 /* BAMProspectTests.swift in Sources */ = {isa = PBXBuildFile; fileRef = 37826CF0250515D5008AA399 /* BAMProspectTests.swift */; };
		37826CFC250515D5008AA399 /* BAMProspectUITests.swift in Sources */ = {isa = PBXBuildFile; fileRef = 37826CFB250515D5008AA399 /* BAMProspectUITests.swift */; };
		37826D0D25051AAF008AA399 /* BAMProjectListViewController.swift in Sources */ = {isa = PBXBuildFile; fileRef = 37826D0C25051AAF008AA399 /* BAMProjectListViewController.swift */; };
		37826D1025051BF8008AA399 /* ProjectListViewModel.swift in Sources */ = {isa = PBXBuildFile; fileRef = 37826D0F25051BF7008AA399 /* ProjectListViewModel.swift */; };
		37826D1225051C9B008AA399 /* Project.swift in Sources */ = {isa = PBXBuildFile; fileRef = 37826D1125051C9B008AA399 /* Project.swift */; };
		37826D1425051DA7008AA399 /* GitRouter.swift in Sources */ = {isa = PBXBuildFile; fileRef = 37826D1325051DA7008AA399 /* GitRouter.swift */; };
		37826D1625051FC9008AA399 /* GitBackend.swift in Sources */ = {isa = PBXBuildFile; fileRef = 37826D1525051FC9008AA399 /* GitBackend.swift */; };
		B55A1CC15A97BE8CDE218869 /* Pods_BAMProspect.framework in Frameworks */ = {isa = PBXBuildFile; fileRef = EE17C1427F767A97A4B0C551 /* Pods_BAMProspect.framework */; };
		D720AB34ED965C0FAC3D854B /* Pods_BAMProspectTests.framework in Frameworks */ = {isa = PBXBuildFile; fileRef = AA6BDC72F821886A6D6774CC /* Pods_BAMProspectTests.framework */; };
/* End PBXBuildFile section */

/* Begin PBXContainerItemProxy section */
		37826CED250515D5008AA399 /* PBXContainerItemProxy */ = {
			isa = PBXContainerItemProxy;
			containerPortal = 37826CCE250515D1008AA399 /* Project object */;
			proxyType = 1;
			remoteGlobalIDString = 37826CD5250515D1008AA399;
			remoteInfo = BAMProspect;
		};
		37826CF8250515D5008AA399 /* PBXContainerItemProxy */ = {
			isa = PBXContainerItemProxy;
			containerPortal = 37826CCE250515D1008AA399 /* Project object */;
			proxyType = 1;
			remoteGlobalIDString = 37826CD5250515D1008AA399;
			remoteInfo = BAMProspect;
		};
/* End PBXContainerItemProxy section */

/* Begin PBXFileReference section */
		375E25582505246E00A52278 /* GitManager.swift */ = {isa = PBXFileReference; lastKnownFileType = sourcecode.swift; path = GitManager.swift; sourceTree = "<group>"; };
		375E255B2505252500A52278 /* NSError+Extensions.swift */ = {isa = PBXFileReference; lastKnownFileType = sourcecode.swift; path = "NSError+Extensions.swift"; sourceTree = "<group>"; };
		375E255D2505275700A52278 /* Logging.swift */ = {isa = PBXFileReference; lastKnownFileType = sourcecode.swift; path = Logging.swift; sourceTree = "<group>"; };
		375E255F250528D500A52278 /* Observable.swift */ = {isa = PBXFileReference; lastKnownFileType = sourcecode.swift; path = Observable.swift; sourceTree = "<group>"; };
		375E256125052DB600A52278 /* ProjectViewModel.swift */ = {isa = PBXFileReference; lastKnownFileType = sourcecode.swift; path = ProjectViewModel.swift; sourceTree = "<group>"; };
		375E25632505348500A52278 /* UserMessage.swift */ = {isa = PBXFileReference; lastKnownFileType = sourcecode.swift; path = UserMessage.swift; sourceTree = "<group>"; };
		375E256625053AB900A52278 /* FavoriteStore.swift */ = {isa = PBXFileReference; lastKnownFileType = sourcecode.swift; path = FavoriteStore.swift; sourceTree = "<group>"; };
		37826CD6250515D1008AA399 /* BAMProspect.app */ = {isa = PBXFileReference; explicitFileType = wrapper.application; includeInIndex = 0; path = BAMProspect.app; sourceTree = BUILT_PRODUCTS_DIR; };
		37826CD9250515D1008AA399 /* AppDelegate.swift */ = {isa = PBXFileReference; lastKnownFileType = sourcecode.swift; path = AppDelegate.swift; sourceTree = "<group>"; };
		37826CE0250515D1008AA399 /* Base */ = {isa = PBXFileReference; lastKnownFileType = file.storyboard; name = Base; path = Base.lproj/Main.storyboard; sourceTree = "<group>"; };
		37826CE2250515D5008AA399 /* Assets.xcassets */ = {isa = PBXFileReference; lastKnownFileType = folder.assetcatalog; path = Assets.xcassets; sourceTree = "<group>"; };
		37826CE5250515D5008AA399 /* Base */ = {isa = PBXFileReference; lastKnownFileType = file.storyboard; name = Base; path = Base.lproj/LaunchScreen.storyboard; sourceTree = "<group>"; };
		37826CE7250515D5008AA399 /* Info.plist */ = {isa = PBXFileReference; lastKnownFileType = text.plist.xml; path = Info.plist; sourceTree = "<group>"; };
		37826CEC250515D5008AA399 /* BAMProspectTests.xctest */ = {isa = PBXFileReference; explicitFileType = wrapper.cfbundle; includeInIndex = 0; path = BAMProspectTests.xctest; sourceTree = BUILT_PRODUCTS_DIR; };
		37826CF0250515D5008AA399 /* BAMProspectTests.swift */ = {isa = PBXFileReference; lastKnownFileType = sourcecode.swift; path = BAMProspectTests.swift; sourceTree = "<group>"; };
		37826CF2250515D5008AA399 /* Info.plist */ = {isa = PBXFileReference; lastKnownFileType = text.plist.xml; path = Info.plist; sourceTree = "<group>"; };
		37826CF7250515D5008AA399 /* BAMProspectUITests.xctest */ = {isa = PBXFileReference; explicitFileType = wrapper.cfbundle; includeInIndex = 0; path = BAMProspectUITests.xctest; sourceTree = BUILT_PRODUCTS_DIR; };
		37826CFB250515D5008AA399 /* BAMProspectUITests.swift */ = {isa = PBXFileReference; lastKnownFileType = sourcecode.swift; path = BAMProspectUITests.swift; sourceTree = "<group>"; };
		37826CFD250515D5008AA399 /* Info.plist */ = {isa = PBXFileReference; lastKnownFileType = text.plist.xml; path = Info.plist; sourceTree = "<group>"; };
		37826D0C25051AAF008AA399 /* BAMProjectListViewController.swift */ = {isa = PBXFileReference; lastKnownFileType = sourcecode.swift; path = BAMProjectListViewController.swift; sourceTree = "<group>"; };
		37826D0F25051BF7008AA399 /* ProjectListViewModel.swift */ = {isa = PBXFileReference; lastKnownFileType = sourcecode.swift; path = ProjectListViewModel.swift; sourceTree = "<group>"; };
		37826D1125051C9B008AA399 /* Project.swift */ = {isa = PBXFileReference; lastKnownFileType = sourcecode.swift; path = Project.swift; sourceTree = "<group>"; };
		37826D1325051DA7008AA399 /* GitRouter.swift */ = {isa = PBXFileReference; lastKnownFileType = sourcecode.swift; path = GitRouter.swift; sourceTree = "<group>"; };
		37826D1525051FC9008AA399 /* GitBackend.swift */ = {isa = PBXFileReference; lastKnownFileType = sourcecode.swift; path = GitBackend.swift; sourceTree = "<group>"; };
		5752C7AC6C03A1EC061F4C75 /* Pods-BAMProspectTests.debug.xcconfig */ = {isa = PBXFileReference; includeInIndex = 1; lastKnownFileType = text.xcconfig; name = "Pods-BAMProspectTests.debug.xcconfig"; path = "Target Support Files/Pods-BAMProspectTests/Pods-BAMProspectTests.debug.xcconfig"; sourceTree = "<group>"; };
		785D1133DE87BBDDC7C40C66 /* Pods-BAMProspect.debug.xcconfig */ = {isa = PBXFileReference; includeInIndex = 1; lastKnownFileType = text.xcconfig; name = "Pods-BAMProspect.debug.xcconfig"; path = "Target Support Files/Pods-BAMProspect/Pods-BAMProspect.debug.xcconfig"; sourceTree = "<group>"; };
		7AB25074BBC44CCECFC555A1 /* Pods-BAMProspect-BAMProspectUITests.debug.xcconfig */ = {isa = PBXFileReference; includeInIndex = 1; lastKnownFileType = text.xcconfig; name = "Pods-BAMProspect-BAMProspectUITests.debug.xcconfig"; path = "Target Support Files/Pods-BAMProspect-BAMProspectUITests/Pods-BAMProspect-BAMProspectUITests.debug.xcconfig"; sourceTree = "<group>"; };
		AA6BDC72F821886A6D6774CC /* Pods_BAMProspectTests.framework */ = {isa = PBXFileReference; explicitFileType = wrapper.framework; includeInIndex = 0; path = Pods_BAMProspectTests.framework; sourceTree = BUILT_PRODUCTS_DIR; };
		B470F8FEA2C45FBBF6C023F4 /* Pods-BAMProspect.release.xcconfig */ = {isa = PBXFileReference; includeInIndex = 1; lastKnownFileType = text.xcconfig; name = "Pods-BAMProspect.release.xcconfig"; path = "Target Support Files/Pods-BAMProspect/Pods-BAMProspect.release.xcconfig"; sourceTree = "<group>"; };
		C79B9FB98A5CBB1EE573397F /* Pods_BAMProspect_BAMProspectUITests.framework */ = {isa = PBXFileReference; explicitFileType = wrapper.framework; includeInIndex = 0; path = Pods_BAMProspect_BAMProspectUITests.framework; sourceTree = BUILT_PRODUCTS_DIR; };
		CD41F4638F2F88E88014DFF3 /* Pods-BAMProspectTests.release.xcconfig */ = {isa = PBXFileReference; includeInIndex = 1; lastKnownFileType = text.xcconfig; name = "Pods-BAMProspectTests.release.xcconfig"; path = "Target Support Files/Pods-BAMProspectTests/Pods-BAMProspectTests.release.xcconfig"; sourceTree = "<group>"; };
		D7ECB01DD9ABCA876A655B3D /* Pods-BAMProspect-BAMProspectUITests.release.xcconfig */ = {isa = PBXFileReference; includeInIndex = 1; lastKnownFileType = text.xcconfig; name = "Pods-BAMProspect-BAMProspectUITests.release.xcconfig"; path = "Target Support Files/Pods-BAMProspect-BAMProspectUITests/Pods-BAMProspect-BAMProspectUITests.release.xcconfig"; sourceTree = "<group>"; };
		EE17C1427F767A97A4B0C551 /* Pods_BAMProspect.framework */ = {isa = PBXFileReference; explicitFileType = wrapper.framework; includeInIndex = 0; path = Pods_BAMProspect.framework; sourceTree = BUILT_PRODUCTS_DIR; };
/* End PBXFileReference section */

/* Begin PBXFrameworksBuildPhase section */
		37826CD3250515D1008AA399 /* Frameworks */ = {
			isa = PBXFrameworksBuildPhase;
			buildActionMask = 2147483647;
			files = (
				B55A1CC15A97BE8CDE218869 /* Pods_BAMProspect.framework in Frameworks */,
			);
			runOnlyForDeploymentPostprocessing = 0;
		};
		37826CE9250515D5008AA399 /* Frameworks */ = {
			isa = PBXFrameworksBuildPhase;
			buildActionMask = 2147483647;
			files = (
				D720AB34ED965C0FAC3D854B /* Pods_BAMProspectTests.framework in Frameworks */,
			);
			runOnlyForDeploymentPostprocessing = 0;
		};
		37826CF4250515D5008AA399 /* Frameworks */ = {
			isa = PBXFrameworksBuildPhase;
			buildActionMask = 2147483647;
			files = (
				099FC6F9540180A6D85E57BA /* Pods_BAMProspect_BAMProspectUITests.framework in Frameworks */,
			);
			runOnlyForDeploymentPostprocessing = 0;
		};
/* End PBXFrameworksBuildPhase section */

/* Begin PBXGroup section */
		375E255A2505250500A52278 /* Utils */ = {
			isa = PBXGroup;
			children = (
				375E255B2505252500A52278 /* NSError+Extensions.swift */,
				375E255D2505275700A52278 /* Logging.swift */,
				375E255F250528D500A52278 /* Observable.swift */,
				375E25632505348500A52278 /* UserMessage.swift */,
			);
			path = Utils;
			sourceTree = "<group>";
		};
		375E256525053AA800A52278 /* Storage */ = {
			isa = PBXGroup;
			children = (
				375E256625053AB900A52278 /* FavoriteStore.swift */,
			);
			path = Storage;
			sourceTree = "<group>";
		};
		37826CCD250515D1008AA399 = {
			isa = PBXGroup;
			children = (
				37826CD8250515D1008AA399 /* BAMProspect */,
				37826CEF250515D5008AA399 /* BAMProspectTests */,
				37826CFA250515D5008AA399 /* BAMProspectUITests */,
				37826CD7250515D1008AA399 /* Products */,
				B8CB2F8DE2AF522BA56AD3A4 /* Pods */,
				79271AE4AFCAE67B36B3455D /* Frameworks */,
			);
			sourceTree = "<group>";
		};
		37826CD7250515D1008AA399 /* Products */ = {
			isa = PBXGroup;
			children = (
				37826CD6250515D1008AA399 /* BAMProspect.app */,
				37826CEC250515D5008AA399 /* BAMProspectTests.xctest */,
				37826CF7250515D5008AA399 /* BAMProspectUITests.xctest */,
			);
			name = Products;
			sourceTree = "<group>";
		};
		37826CD8250515D1008AA399 /* BAMProspect */ = {
			isa = PBXGroup;
			children = (
				37826CD9250515D1008AA399 /* AppDelegate.swift */,
				375E256525053AA800A52278 /* Storage */,
				37826D0A250516E4008AA399 /* ViewControllers */,
				37826D0E25051BD1008AA399 /* ViewModel */,
				37826D0B250516EF008AA399 /* Model */,
				37826D09250516BB008AA399 /* Network */,
				375E255A2505250500A52278 /* Utils */,
				37826CDF250515D1008AA399 /* Main.storyboard */,
				37826CE2250515D5008AA399 /* Assets.xcassets */,
				37826CE4250515D5008AA399 /* LaunchScreen.storyboard */,
				37826CE7250515D5008AA399 /* Info.plist */,
			);
			path = BAMProspect;
			sourceTree = "<group>";
		};
		37826CEF250515D5008AA399 /* BAMProspectTests */ = {
			isa = PBXGroup;
			children = (
				37826CF0250515D5008AA399 /* BAMProspectTests.swift */,
				37826CF2250515D5008AA399 /* Info.plist */,
			);
			path = BAMProspectTests;
			sourceTree = "<group>";
		};
		37826CFA250515D5008AA399 /* BAMProspectUITests */ = {
			isa = PBXGroup;
			children = (
				37826CFB250515D5008AA399 /* BAMProspectUITests.swift */,
				37826CFD250515D5008AA399 /* Info.plist */,
			);
			path = BAMProspectUITests;
			sourceTree = "<group>";
		};
		37826D09250516BB008AA399 /* Network */ = {
			isa = PBXGroup;
			children = (
				37826D1325051DA7008AA399 /* GitRouter.swift */,
				37826D1525051FC9008AA399 /* GitBackend.swift */,
				375E25582505246E00A52278 /* GitManager.swift */,
			);
			path = Network;
			sourceTree = "<group>";
		};
		37826D0A250516E4008AA399 /* ViewControllers */ = {
			isa = PBXGroup;
			children = (
				37826D0C25051AAF008AA399 /* BAMProjectListViewController.swift */,
			);
			path = ViewControllers;
			sourceTree = "<group>";
		};
		37826D0B250516EF008AA399 /* Model */ = {
			isa = PBXGroup;
			children = (
				37826D1125051C9B008AA399 /* Project.swift */,
			);
			path = Model;
			sourceTree = "<group>";
		};
		37826D0E25051BD1008AA399 /* ViewModel */ = {
			isa = PBXGroup;
			children = (
				37826D0F25051BF7008AA399 /* ProjectListViewModel.swift */,
				375E256125052DB600A52278 /* ProjectViewModel.swift */,
			);
			path = ViewModel;
			sourceTree = "<group>";
		};
		79271AE4AFCAE67B36B3455D /* Frameworks */ = {
			isa = PBXGroup;
			children = (
				EE17C1427F767A97A4B0C551 /* Pods_BAMProspect.framework */,
				C79B9FB98A5CBB1EE573397F /* Pods_BAMProspect_BAMProspectUITests.framework */,
				AA6BDC72F821886A6D6774CC /* Pods_BAMProspectTests.framework */,
			);
			name = Frameworks;
			sourceTree = "<group>";
		};
		B8CB2F8DE2AF522BA56AD3A4 /* Pods */ = {
			isa = PBXGroup;
			children = (
				785D1133DE87BBDDC7C40C66 /* Pods-BAMProspect.debug.xcconfig */,
				B470F8FEA2C45FBBF6C023F4 /* Pods-BAMProspect.release.xcconfig */,
				7AB25074BBC44CCECFC555A1 /* Pods-BAMProspect-BAMProspectUITests.debug.xcconfig */,
				D7ECB01DD9ABCA876A655B3D /* Pods-BAMProspect-BAMProspectUITests.release.xcconfig */,
				5752C7AC6C03A1EC061F4C75 /* Pods-BAMProspectTests.debug.xcconfig */,
				CD41F4638F2F88E88014DFF3 /* Pods-BAMProspectTests.release.xcconfig */,
			);
			path = Pods;
			sourceTree = "<group>";
		};
/* End PBXGroup section */

/* Begin PBXNativeTarget section */
		37826CD5250515D1008AA399 /* BAMProspect */ = {
			isa = PBXNativeTarget;
			buildConfigurationList = 37826D00250515D5008AA399 /* Build configuration list for PBXNativeTarget "BAMProspect" */;
			buildPhases = (
				83C0417253ACA81B7F9DDA48 /* [CP] Check Pods Manifest.lock */,
				37826CD2250515D1008AA399 /* Sources */,
				37826CD3250515D1008AA399 /* Frameworks */,
				37826CD4250515D1008AA399 /* Resources */,
				E7DF023400BA1FD5369A85A8 /* [CP] Embed Pods Frameworks */,
			);
			buildRules = (
			);
			dependencies = (
			);
			name = BAMProspect;
			productName = BAMProspect;
			productReference = 37826CD6250515D1008AA399 /* BAMProspect.app */;
			productType = "com.apple.product-type.application";
		};
		37826CEB250515D5008AA399 /* BAMProspectTests */ = {
			isa = PBXNativeTarget;
			buildConfigurationList = 37826D03250515D5008AA399 /* Build configuration list for PBXNativeTarget "BAMProspectTests" */;
			buildPhases = (
				9F1B3B0FF2569389A8A61627 /* [CP] Check Pods Manifest.lock */,
				37826CE8250515D5008AA399 /* Sources */,
				37826CE9250515D5008AA399 /* Frameworks */,
				37826CEA250515D5008AA399 /* Resources */,
			);
			buildRules = (
			);
			dependencies = (
				37826CEE250515D5008AA399 /* PBXTargetDependency */,
			);
			name = BAMProspectTests;
			productName = BAMProspectTests;
			productReference = 37826CEC250515D5008AA399 /* BAMProspectTests.xctest */;
			productType = "com.apple.product-type.bundle.unit-test";
		};
		37826CF6250515D5008AA399 /* BAMProspectUITests */ = {
			isa = PBXNativeTarget;
			buildConfigurationList = 37826D06250515D5008AA399 /* Build configuration list for PBXNativeTarget "BAMProspectUITests" */;
			buildPhases = (
				0950B3EF97619AF34B5A1B03 /* [CP] Check Pods Manifest.lock */,
				37826CF3250515D5008AA399 /* Sources */,
				37826CF4250515D5008AA399 /* Frameworks */,
				37826CF5250515D5008AA399 /* Resources */,
				52969AB50F83150DA5D4B4A9 /* [CP] Embed Pods Frameworks */,
			);
			buildRules = (
			);
			dependencies = (
				37826CF9250515D5008AA399 /* PBXTargetDependency */,
			);
			name = BAMProspectUITests;
			productName = BAMProspectUITests;
			productReference = 37826CF7250515D5008AA399 /* BAMProspectUITests.xctest */;
			productType = "com.apple.product-type.bundle.ui-testing";
		};
/* End PBXNativeTarget section */

/* Begin PBXProject section */
		37826CCE250515D1008AA399 /* Project object */ = {
			isa = PBXProject;
			attributes = {
				LastSwiftUpdateCheck = 1110;
				LastUpgradeCheck = 1110;
				ORGANIZATIONNAME = BAM;
				TargetAttributes = {
					37826CD5250515D1008AA399 = {
						CreatedOnToolsVersion = 11.1;
					};
					37826CEB250515D5008AA399 = {
						CreatedOnToolsVersion = 11.1;
						TestTargetID = 37826CD5250515D1008AA399;
					};
					37826CF6250515D5008AA399 = {
						CreatedOnToolsVersion = 11.1;
						TestTargetID = 37826CD5250515D1008AA399;
					};
				};
			};
			buildConfigurationList = 37826CD1250515D1008AA399 /* Build configuration list for PBXProject "BAMProspect" */;
			compatibilityVersion = "Xcode 9.3";
			developmentRegion = en;
			hasScannedForEncodings = 0;
			knownRegions = (
				en,
				Base,
			);
			mainGroup = 37826CCD250515D1008AA399;
			productRefGroup = 37826CD7250515D1008AA399 /* Products */;
			projectDirPath = "";
			projectRoot = "";
			targets = (
				37826CD5250515D1008AA399 /* BAMProspect */,
				37826CEB250515D5008AA399 /* BAMProspectTests */,
				37826CF6250515D5008AA399 /* BAMProspectUITests */,
			);
		};
/* End PBXProject section */

/* Begin PBXResourcesBuildPhase section */
		37826CD4250515D1008AA399 /* Resources */ = {
			isa = PBXResourcesBuildPhase;
			buildActionMask = 2147483647;
			files = (
				37826CE6250515D5008AA399 /* LaunchScreen.storyboard in Resources */,
				37826CE3250515D5008AA399 /* Assets.xcassets in Resources */,
				37826CE1250515D1008AA399 /* Main.storyboard in Resources */,
			);
			runOnlyForDeploymentPostprocessing = 0;
		};
		37826CEA250515D5008AA399 /* Resources */ = {
			isa = PBXResourcesBuildPhase;
			buildActionMask = 2147483647;
			files = (
			);
			runOnlyForDeploymentPostprocessing = 0;
		};
		37826CF5250515D5008AA399 /* Resources */ = {
			isa = PBXResourcesBuildPhase;
			buildActionMask = 2147483647;
			files = (
			);
			runOnlyForDeploymentPostprocessing = 0;
		};
/* End PBXResourcesBuildPhase section */

/* Begin PBXShellScriptBuildPhase section */
		0950B3EF97619AF34B5A1B03 /* [CP] Check Pods Manifest.lock */ = {
			isa = PBXShellScriptBuildPhase;
			buildActionMask = 2147483647;
			files = (
			);
			inputFileListPaths = (
			);
			inputPaths = (
				"${PODS_PODFILE_DIR_PATH}/Podfile.lock",
				"${PODS_ROOT}/Manifest.lock",
			);
			name = "[CP] Check Pods Manifest.lock";
			outputFileListPaths = (
			);
			outputPaths = (
				"$(DERIVED_FILE_DIR)/Pods-BAMProspect-BAMProspectUITests-checkManifestLockResult.txt",
			);
			runOnlyForDeploymentPostprocessing = 0;
			shellPath = /bin/sh;
			shellScript = "diff \"${PODS_PODFILE_DIR_PATH}/Podfile.lock\" \"${PODS_ROOT}/Manifest.lock\" > /dev/null\nif [ $? != 0 ] ; then\n    # print error to STDERR\n    echo \"error: The sandbox is not in sync with the Podfile.lock. Run 'pod install' or update your CocoaPods installation.\" >&2\n    exit 1\nfi\n# This output is used by Xcode 'outputs' to avoid re-running this script phase.\necho \"SUCCESS\" > \"${SCRIPT_OUTPUT_FILE_0}\"\n";
			showEnvVarsInLog = 0;
		};
		52969AB50F83150DA5D4B4A9 /* [CP] Embed Pods Frameworks */ = {
			isa = PBXShellScriptBuildPhase;
			buildActionMask = 2147483647;
			files = (
			);
			inputFileListPaths = (
				"${PODS_ROOT}/Target Support Files/Pods-BAMProspect-BAMProspectUITests/Pods-BAMProspect-BAMProspectUITests-frameworks-${CONFIGURATION}-input-files.xcfilelist",
			);
			name = "[CP] Embed Pods Frameworks";
			outputFileListPaths = (
				"${PODS_ROOT}/Target Support Files/Pods-BAMProspect-BAMProspectUITests/Pods-BAMProspect-BAMProspectUITests-frameworks-${CONFIGURATION}-output-files.xcfilelist",
			);
			runOnlyForDeploymentPostprocessing = 0;
			shellPath = /bin/sh;
			shellScript = "\"${PODS_ROOT}/Target Support Files/Pods-BAMProspect-BAMProspectUITests/Pods-BAMProspect-BAMProspectUITests-frameworks.sh\"\n";
			showEnvVarsInLog = 0;
		};
		83C0417253ACA81B7F9DDA48 /* [CP] Check Pods Manifest.lock */ = {
			isa = PBXShellScriptBuildPhase;
			buildActionMask = 2147483647;
			files = (
			);
			inputFileListPaths = (
			);
			inputPaths = (
				"${PODS_PODFILE_DIR_PATH}/Podfile.lock",
				"${PODS_ROOT}/Manifest.lock",
			);
			name = "[CP] Check Pods Manifest.lock";
			outputFileListPaths = (
			);
			outputPaths = (
				"$(DERIVED_FILE_DIR)/Pods-BAMProspect-checkManifestLockResult.txt",
			);
			runOnlyForDeploymentPostprocessing = 0;
			shellPath = /bin/sh;
			shellScript = "diff \"${PODS_PODFILE_DIR_PATH}/Podfile.lock\" \"${PODS_ROOT}/Manifest.lock\" > /dev/null\nif [ $? != 0 ] ; then\n    # print error to STDERR\n    echo \"error: The sandbox is not in sync with the Podfile.lock. Run 'pod install' or update your CocoaPods installation.\" >&2\n    exit 1\nfi\n# This output is used by Xcode 'outputs' to avoid re-running this script phase.\necho \"SUCCESS\" > \"${SCRIPT_OUTPUT_FILE_0}\"\n";
			showEnvVarsInLog = 0;
		};
		9F1B3B0FF2569389A8A61627 /* [CP] Check Pods Manifest.lock */ = {
			isa = PBXShellScriptBuildPhase;
			buildActionMask = 2147483647;
			files = (
			);
			inputFileListPaths = (
			);
			inputPaths = (
				"${PODS_PODFILE_DIR_PATH}/Podfile.lock",
				"${PODS_ROOT}/Manifest.lock",
			);
			name = "[CP] Check Pods Manifest.lock";
			outputFileListPaths = (
			);
			outputPaths = (
				"$(DERIVED_FILE_DIR)/Pods-BAMProspectTests-checkManifestLockResult.txt",
			);
			runOnlyForDeploymentPostprocessing = 0;
			shellPath = /bin/sh;
			shellScript = "diff \"${PODS_PODFILE_DIR_PATH}/Podfile.lock\" \"${PODS_ROOT}/Manifest.lock\" > /dev/null\nif [ $? != 0 ] ; then\n    # print error to STDERR\n    echo \"error: The sandbox is not in sync with the Podfile.lock. Run 'pod install' or update your CocoaPods installation.\" >&2\n    exit 1\nfi\n# This output is used by Xcode 'outputs' to avoid re-running this script phase.\necho \"SUCCESS\" > \"${SCRIPT_OUTPUT_FILE_0}\"\n";
			showEnvVarsInLog = 0;
		};
		E7DF023400BA1FD5369A85A8 /* [CP] Embed Pods Frameworks */ = {
			isa = PBXShellScriptBuildPhase;
			buildActionMask = 2147483647;
			files = (
			);
			inputFileListPaths = (
				"${PODS_ROOT}/Target Support Files/Pods-BAMProspect/Pods-BAMProspect-frameworks-${CONFIGURATION}-input-files.xcfilelist",
			);
			name = "[CP] Embed Pods Frameworks";
			outputFileListPaths = (
				"${PODS_ROOT}/Target Support Files/Pods-BAMProspect/Pods-BAMProspect-frameworks-${CONFIGURATION}-output-files.xcfilelist",
			);
			runOnlyForDeploymentPostprocessing = 0;
			shellPath = /bin/sh;
			shellScript = "\"${PODS_ROOT}/Target Support Files/Pods-BAMProspect/Pods-BAMProspect-frameworks.sh\"\n";
			showEnvVarsInLog = 0;
		};
/* End PBXShellScriptBuildPhase section */

/* Begin PBXSourcesBuildPhase section */
		37826CD2250515D1008AA399 /* Sources */ = {
			isa = PBXSourcesBuildPhase;
			buildActionMask = 2147483647;
			files = (
				375E2560250528D500A52278 /* Observable.swift in Sources */,
				375E255C2505252500A52278 /* NSError+Extensions.swift in Sources */,
				375E255E2505275700A52278 /* Logging.swift in Sources */,
				37826D1025051BF8008AA399 /* ProjectListViewModel.swift in Sources */,
				375E25642505348500A52278 /* UserMessage.swift in Sources */,
				375E256725053AB900A52278 /* FavoriteStore.swift in Sources */,
				375E256225052DB600A52278 /* ProjectViewModel.swift in Sources */,
				37826D1625051FC9008AA399 /* GitBackend.swift in Sources */,
				375E25592505246E00A52278 /* GitManager.swift in Sources */,
				37826D1425051DA7008AA399 /* GitRouter.swift in Sources */,
				37826CDA250515D1008AA399 /* AppDelegate.swift in Sources */,
				37826D1225051C9B008AA399 /* Project.swift in Sources */,
				37826D0D25051AAF008AA399 /* BAMProjectListViewController.swift in Sources */,
			);
			runOnlyForDeploymentPostprocessing = 0;
		};
		37826CE8250515D5008AA399 /* Sources */ = {
			isa = PBXSourcesBuildPhase;
			buildActionMask = 2147483647;
			files = (
				37826CF1250515D5008AA399 /* BAMProspectTests.swift in Sources */,
			);
			runOnlyForDeploymentPostprocessing = 0;
		};
		37826CF3250515D5008AA399 /* Sources */ = {
			isa = PBXSourcesBuildPhase;
			buildActionMask = 2147483647;
			files = (
				37826CFC250515D5008AA399 /* BAMProspectUITests.swift in Sources */,
			);
			runOnlyForDeploymentPostprocessing = 0;
		};
/* End PBXSourcesBuildPhase section */

/* Begin PBXTargetDependency section */
		37826CEE250515D5008AA399 /* PBXTargetDependency */ = {
			isa = PBXTargetDependency;
			target = 37826CD5250515D1008AA399 /* BAMProspect */;
			targetProxy = 37826CED250515D5008AA399 /* PBXContainerItemProxy */;
		};
		37826CF9250515D5008AA399 /* PBXTargetDependency */ = {
			isa = PBXTargetDependency;
			target = 37826CD5250515D1008AA399 /* BAMProspect */;
			targetProxy = 37826CF8250515D5008AA399 /* PBXContainerItemProxy */;
		};
/* End PBXTargetDependency section */

/* Begin PBXVariantGroup section */
		37826CDF250515D1008AA399 /* Main.storyboard */ = {
			isa = PBXVariantGroup;
			children = (
				37826CE0250515D1008AA399 /* Base */,
			);
			name = Main.storyboard;
			sourceTree = "<group>";
		};
		37826CE4250515D5008AA399 /* LaunchScreen.storyboard */ = {
			isa = PBXVariantGroup;
			children = (
				37826CE5250515D5008AA399 /* Base */,
			);
			name = LaunchScreen.storyboard;
			sourceTree = "<group>";
		};
/* End PBXVariantGroup section */

/* Begin XCBuildConfiguration section */
		37826CFE250515D5008AA399 /* Debug */ = {
			isa = XCBuildConfiguration;
			buildSettings = {
				ALWAYS_SEARCH_USER_PATHS = NO;
				CLANG_ANALYZER_NONNULL = YES;
				CLANG_ANALYZER_NUMBER_OBJECT_CONVERSION = YES_AGGRESSIVE;
				CLANG_CXX_LANGUAGE_STANDARD = "gnu++14";
				CLANG_CXX_LIBRARY = "libc++";
				CLANG_ENABLE_MODULES = YES;
				CLANG_ENABLE_OBJC_ARC = YES;
				CLANG_ENABLE_OBJC_WEAK = YES;
				CLANG_WARN_BLOCK_CAPTURE_AUTORELEASING = YES;
				CLANG_WARN_BOOL_CONVERSION = YES;
				CLANG_WARN_COMMA = YES;
				CLANG_WARN_CONSTANT_CONVERSION = YES;
				CLANG_WARN_DEPRECATED_OBJC_IMPLEMENTATIONS = YES;
				CLANG_WARN_DIRECT_OBJC_ISA_USAGE = YES_ERROR;
				CLANG_WARN_DOCUMENTATION_COMMENTS = YES;
				CLANG_WARN_EMPTY_BODY = YES;
				CLANG_WARN_ENUM_CONVERSION = YES;
				CLANG_WARN_INFINITE_RECURSION = YES;
				CLANG_WARN_INT_CONVERSION = YES;
				CLANG_WARN_NON_LITERAL_NULL_CONVERSION = YES;
				CLANG_WARN_OBJC_IMPLICIT_RETAIN_SELF = YES;
				CLANG_WARN_OBJC_LITERAL_CONVERSION = YES;
				CLANG_WARN_OBJC_ROOT_CLASS = YES_ERROR;
				CLANG_WARN_RANGE_LOOP_ANALYSIS = YES;
				CLANG_WARN_STRICT_PROTOTYPES = YES;
				CLANG_WARN_SUSPICIOUS_MOVE = YES;
				CLANG_WARN_UNGUARDED_AVAILABILITY = YES_AGGRESSIVE;
				CLANG_WARN_UNREACHABLE_CODE = YES;
				CLANG_WARN__DUPLICATE_METHOD_MATCH = YES;
				COPY_PHASE_STRIP = NO;
				DEBUG_INFORMATION_FORMAT = dwarf;
				ENABLE_STRICT_OBJC_MSGSEND = YES;
				ENABLE_TESTABILITY = YES;
				GCC_C_LANGUAGE_STANDARD = gnu11;
				GCC_DYNAMIC_NO_PIC = NO;
				GCC_NO_COMMON_BLOCKS = YES;
				GCC_OPTIMIZATION_LEVEL = 0;
				GCC_PREPROCESSOR_DEFINITIONS = (
					"DEBUG=1",
					"$(inherited)",
				);
				GCC_WARN_64_TO_32_BIT_CONVERSION = YES;
				GCC_WARN_ABOUT_RETURN_TYPE = YES_ERROR;
				GCC_WARN_UNDECLARED_SELECTOR = YES;
				GCC_WARN_UNINITIALIZED_AUTOS = YES_AGGRESSIVE;
				GCC_WARN_UNUSED_FUNCTION = YES;
				GCC_WARN_UNUSED_VARIABLE = YES;
				IPHONEOS_DEPLOYMENT_TARGET = 11;
				MTL_ENABLE_DEBUG_INFO = INCLUDE_SOURCE;
				MTL_FAST_MATH = YES;
				ONLY_ACTIVE_ARCH = YES;
				SDKROOT = iphoneos;
				SWIFT_ACTIVE_COMPILATION_CONDITIONS = DEBUG;
				SWIFT_OPTIMIZATION_LEVEL = "-Onone";
			};
			name = Debug;
		};
		37826CFF250515D5008AA399 /* Release */ = {
			isa = XCBuildConfiguration;
			buildSettings = {
				ALWAYS_SEARCH_USER_PATHS = NO;
				CLANG_ANALYZER_NONNULL = YES;
				CLANG_ANALYZER_NUMBER_OBJECT_CONVERSION = YES_AGGRESSIVE;
				CLANG_CXX_LANGUAGE_STANDARD = "gnu++14";
				CLANG_CXX_LIBRARY = "libc++";
				CLANG_ENABLE_MODULES = YES;
				CLANG_ENABLE_OBJC_ARC = YES;
				CLANG_ENABLE_OBJC_WEAK = YES;
				CLANG_WARN_BLOCK_CAPTURE_AUTORELEASING = YES;
				CLANG_WARN_BOOL_CONVERSION = YES;
				CLANG_WARN_COMMA = YES;
				CLANG_WARN_CONSTANT_CONVERSION = YES;
				CLANG_WARN_DEPRECATED_OBJC_IMPLEMENTATIONS = YES;
				CLANG_WARN_DIRECT_OBJC_ISA_USAGE = YES_ERROR;
				CLANG_WARN_DOCUMENTATION_COMMENTS = YES;
				CLANG_WARN_EMPTY_BODY = YES;
				CLANG_WARN_ENUM_CONVERSION = YES;
				CLANG_WARN_INFINITE_RECURSION = YES;
				CLANG_WARN_INT_CONVERSION = YES;
				CLANG_WARN_NON_LITERAL_NULL_CONVERSION = YES;
				CLANG_WARN_OBJC_IMPLICIT_RETAIN_SELF = YES;
				CLANG_WARN_OBJC_LITERAL_CONVERSION = YES;
				CLANG_WARN_OBJC_ROOT_CLASS = YES_ERROR;
				CLANG_WARN_RANGE_LOOP_ANALYSIS = YES;
				CLANG_WARN_STRICT_PROTOTYPES = YES;
				CLANG_WARN_SUSPICIOUS_MOVE = YES;
				CLANG_WARN_UNGUARDED_AVAILABILITY = YES_AGGRESSIVE;
				CLANG_WARN_UNREACHABLE_CODE = YES;
				CLANG_WARN__DUPLICATE_METHOD_MATCH = YES;
				COPY_PHASE_STRIP = NO;
				DEBUG_INFORMATION_FORMAT = "dwarf-with-dsym";
				ENABLE_NS_ASSERTIONS = NO;
				ENABLE_STRICT_OBJC_MSGSEND = YES;
				GCC_C_LANGUAGE_STANDARD = gnu11;
				GCC_NO_COMMON_BLOCKS = YES;
				GCC_WARN_64_TO_32_BIT_CONVERSION = YES;
				GCC_WARN_ABOUT_RETURN_TYPE = YES_ERROR;
				GCC_WARN_UNDECLARED_SELECTOR = YES;
				GCC_WARN_UNINITIALIZED_AUTOS = YES_AGGRESSIVE;
				GCC_WARN_UNUSED_FUNCTION = YES;
				GCC_WARN_UNUSED_VARIABLE = YES;
				IPHONEOS_DEPLOYMENT_TARGET = 11;
				MTL_ENABLE_DEBUG_INFO = NO;
				MTL_FAST_MATH = YES;
				SDKROOT = iphoneos;
				SWIFT_COMPILATION_MODE = wholemodule;
				SWIFT_OPTIMIZATION_LEVEL = "-O";
				VALIDATE_PRODUCT = YES;
			};
			name = Release;
		};
		37826D01250515D5008AA399 /* Debug */ = {
			isa = XCBuildConfiguration;
			baseConfigurationReference = 785D1133DE87BBDDC7C40C66 /* Pods-BAMProspect.debug.xcconfig */;
			buildSettings = {
				ASSETCATALOG_COMPILER_APPICON_NAME = AppIcon;
				CODE_SIGN_STYLE = Automatic;
				DEVELOPMENT_TEAM = J5FCPFU3KC;
				INFOPLIST_FILE = BAMProspect/Info.plist;
				LD_RUNPATH_SEARCH_PATHS = (
					"$(inherited)",
					"@executable_path/Frameworks",
				);
				PRODUCT_BUNDLE_IDENTIFIER = tech.bam..BAMProspect;
				PRODUCT_NAME = "$(TARGET_NAME)";
				SWIFT_VERSION = 5.0;
				TARGETED_DEVICE_FAMILY = "1,2";
			};
			name = Debug;
		};
		37826D02250515D5008AA399 /* Release */ = {
			isa = XCBuildConfiguration;
			baseConfigurationReference = B470F8FEA2C45FBBF6C023F4 /* Pods-BAMProspect.release.xcconfig */;
			buildSettings = {
				ASSETCATALOG_COMPILER_APPICON_NAME = AppIcon;
				CODE_SIGN_STYLE = Automatic;
				DEVELOPMENT_TEAM = J5FCPFU3KC;
				INFOPLIST_FILE = BAMProspect/Info.plist;
				LD_RUNPATH_SEARCH_PATHS = (
					"$(inherited)",
					"@executable_path/Frameworks",
				);
				PRODUCT_BUNDLE_IDENTIFIER = tech.bam..BAMProspect;
				PRODUCT_NAME = "$(TARGET_NAME)";
				SWIFT_VERSION = 5.0;
				TARGETED_DEVICE_FAMILY = "1,2";
			};
			name = Release;
		};
		37826D04250515D5008AA399 /* Debug */ = {
			isa = XCBuildConfiguration;
			baseConfigurationReference = 5752C7AC6C03A1EC061F4C75 /* Pods-BAMProspectTests.debug.xcconfig */;
			buildSettings = {
				ALWAYS_EMBED_SWIFT_STANDARD_LIBRARIES = YES;
				BUNDLE_LOADER = "$(TEST_HOST)";
				CODE_SIGN_STYLE = Automatic;
				DEVELOPMENT_TEAM = J5FCPFU3KC;
				INFOPLIST_FILE = BAMProspectTests/Info.plist;
				IPHONEOS_DEPLOYMENT_TARGET = 13.1;
				LD_RUNPATH_SEARCH_PATHS = (
					"$(inherited)",
					"@executable_path/Frameworks",
					"@loader_path/Frameworks",
				);
				PRODUCT_BUNDLE_IDENTIFIER = tech.bam..BAMProspectTests;
				PRODUCT_NAME = "$(TARGET_NAME)";
				SWIFT_VERSION = 5.0;
				TARGETED_DEVICE_FAMILY = "1,2";
				TEST_HOST = "$(BUILT_PRODUCTS_DIR)/BAMProspect.app/BAMProspect";
			};
			name = Debug;
		};
		37826D05250515D5008AA399 /* Release */ = {
			isa = XCBuildConfiguration;
			baseConfigurationReference = CD41F4638F2F88E88014DFF3 /* Pods-BAMProspectTests.release.xcconfig */;
			buildSettings = {
				ALWAYS_EMBED_SWIFT_STANDARD_LIBRARIES = YES;
				BUNDLE_LOADER = "$(TEST_HOST)";
				CODE_SIGN_STYLE = Automatic;
				DEVELOPMENT_TEAM = J5FCPFU3KC;
				INFOPLIST_FILE = BAMProspectTests/Info.plist;
				IPHONEOS_DEPLOYMENT_TARGET = 13.1;
				LD_RUNPATH_SEARCH_PATHS = (
					"$(inherited)",
					"@executable_path/Frameworks",
					"@loader_path/Frameworks",
				);
				PRODUCT_BUNDLE_IDENTIFIER = tech.bam..BAMProspectTests;
				PRODUCT_NAME = "$(TARGET_NAME)";
				SWIFT_VERSION = 5.0;
				TARGETED_DEVICE_FAMILY = "1,2";
				TEST_HOST = "$(BUILT_PRODUCTS_DIR)/BAMProspect.app/BAMProspect";
			};
			name = Release;
		};
		37826D07250515D5008AA399 /* Debug */ = {
			isa = XCBuildConfiguration;
			baseConfigurationReference = 7AB25074BBC44CCECFC555A1 /* Pods-BAMProspect-BAMProspectUITests.debug.xcconfig */;
			buildSettings = {
				ALWAYS_EMBED_SWIFT_STANDARD_LIBRARIES = YES;
				CODE_SIGN_STYLE = Automatic;
				DEVELOPMENT_TEAM = J5FCPFU3KC;
				INFOPLIST_FILE = BAMProspectUITests/Info.plist;
				LD_RUNPATH_SEARCH_PATHS = (
					"$(inherited)",
					"@executable_path/Frameworks",
					"@loader_path/Frameworks",
				);
				PRODUCT_BUNDLE_IDENTIFIER = tech.bam..BAMProspectUITests;
				PRODUCT_NAME = "$(TARGET_NAME)";
				SWIFT_VERSION = 5.0;
				TARGETED_DEVICE_FAMILY = "1,2";
				TEST_TARGET_NAME = BAMProspect;
			};
			name = Debug;
		};
		37826D08250515D5008AA399 /* Release */ = {
			isa = XCBuildConfiguration;
			baseConfigurationReference = D7ECB01DD9ABCA876A655B3D /* Pods-BAMProspect-BAMProspectUITests.release.xcconfig */;
			buildSettings = {
				ALWAYS_EMBED_SWIFT_STANDARD_LIBRARIES = YES;
				CODE_SIGN_STYLE = Automatic;
				DEVELOPMENT_TEAM = J5FCPFU3KC;
				INFOPLIST_FILE = BAMProspectUITests/Info.plist;
				LD_RUNPATH_SEARCH_PATHS = (
					"$(inherited)",
					"@executable_path/Frameworks",
					"@loader_path/Frameworks",
				);
				PRODUCT_BUNDLE_IDENTIFIER = tech.bam..BAMProspectUITests;
				PRODUCT_NAME = "$(TARGET_NAME)";
				SWIFT_VERSION = 5.0;
				TARGETED_DEVICE_FAMILY = "1,2";
				TEST_TARGET_NAME = BAMProspect;
			};
			name = Release;
		};
/* End XCBuildConfiguration section */

/* Begin XCConfigurationList section */
		37826CD1250515D1008AA399 /* Build configuration list for PBXProject "BAMProspect" */ = {
			isa = XCConfigurationList;
			buildConfigurations = (
				37826CFE250515D5008AA399 /* Debug */,
				37826CFF250515D5008AA399 /* Release */,
			);
			defaultConfigurationIsVisible = 0;
			defaultConfigurationName = Release;
		};
		37826D00250515D5008AA399 /* Build configuration list for PBXNativeTarget "BAMProspect" */ = {
			isa = XCConfigurationList;
			buildConfigurations = (
				37826D01250515D5008AA399 /* Debug */,
				37826D02250515D5008AA399 /* Release */,
			);
			defaultConfigurationIsVisible = 0;
			defaultConfigurationName = Release;
		};
		37826D03250515D5008AA399 /* Build configuration list for PBXNativeTarget "BAMProspectTests" */ = {
			isa = XCConfigurationList;
			buildConfigurations = (
				37826D04250515D5008AA399 /* Debug */,
				37826D05250515D5008AA399 /* Release */,
			);
			defaultConfigurationIsVisible = 0;
			defaultConfigurationName = Release;
		};
		37826D06250515D5008AA399 /* Build configuration list for PBXNativeTarget "BAMProspectUITests" */ = {
			isa = XCConfigurationList;
			buildConfigurations = (
				37826D07250515D5008AA399 /* Debug */,
				37826D08250515D5008AA399 /* Release */,
			);
			defaultConfigurationIsVisible = 0;
			defaultConfigurationName = Release;
		};
/* End XCConfigurationList section */
	};
	rootObject = 37826CCE250515D1008AA399 /* Project object */;
}
